
Microsoft Visual Studio Solution File, Format Version 12.00
# Visual Studio Version 16
VisualStudioVersion = 16.0.30907.101
MinimumVisualStudioVersion = 10.0.40219.1
Project("{FAE04EC0-301F-11D3-BF4B-00C04F79EFBC}") = "AvisFormation.WebUi", "AvisFormation.WebUi.csproj", "{3EFC4CA0-A82E-413E-A7E2-C77F72782F6B}"
EndProject
Project("{FAE04EC0-301F-11D3-BF4B-00C04F79EFBC}") = "AvisFormation.Logic", "..\ClassLibrary1\AvisFormation.Logic.csproj", "{52BA2822-0526-4C47-90D7-CC3B127965A6}"
EndProject
Project("{FAE04EC0-301F-11D3-BF4B-00C04F79EFBC}") = "AvisFormation.donnee", "..\AvisFormation.donnee\AvisFormation.donnee.csproj", "{7BDE0946-2964-4E21-9F7C-16DCFC0697B9}"
EndProject
Global
	GlobalSection(SolutionConfigurationPlatforms) = preSolution
		Debug|Any CPU = Debug|Any CPU
		Release|Any CPU = Release|Any CPU
	EndGlobalSection
	GlobalSection(ProjectConfigurationPlatforms) = postSolution
		{3EFC4CA0-A82E-413E-A7E2-C77F72782F6B}.Debug|Any CPU.ActiveCfg = Debug|Any CPU
		{3EFC4CA0-A82E-413E-A7E2-C77F72782F6B}.Debug|Any CPU.Build.0 = Debug|Any CPU
		{3EFC4CA0-A82E-413E-A7E2-C77F72782F6B}.Release|Any CPU.ActiveCfg = Release|Any CPU
		{3EFC4CA0-A82E-413E-A7E2-C77F72782F6B}.Release|Any CPU.Build.0 = Release|Any CPU
		{52BA2822-0526-4C47-90D7-CC3B127965A6}.Debug|Any CPU.ActiveCfg = Debug|Any CPU
		{52BA2822-0526-4C47-90D7-CC3B127965A6}.Debug|Any CPU.Build.0 = Debug|Any CPU
		{52BA2822-0526-4C47-90D7-CC3B127965A6}.Release|Any CPU.ActiveCfg = Release|Any CPU
		{52BA2822-0526-4C47-90D7-CC3B127965A6}.Release|Any CPU.Build.0 = Release|Any CPU
		{7BDE0946-2964-4E21-9F7C-16DCFC0697B9}.Debug|Any CPU.ActiveCfg = Debug|Any CPU
		{7BDE0946-2964-4E21-9F7C-16DCFC0697B9}.Debug|Any CPU.Build.0 = Debug|Any CPU
		{7BDE0946-2964-4E21-9F7C-16DCFC0697B9}.Release|Any CPU.ActiveCfg = Release|Any CPU
		{7BDE0946-2964-4E21-9F7C-16DCFC0697B9}.Release|Any CPU.Build.0 = Release|Any CPU
	EndGlobalSection
	GlobalSection(SolutionProperties) = preSolution
		HideSolutionNode = FALSE
	EndGlobalSection
	GlobalSection(ExtensibilityGlobals) = postSolution
		SolutionGuid = {FC9C412C-5B89-4E65-9BC1-A5D0CA6C1B2A}
	EndGlobalSection
EndGlobal
